
Microsoft Visual Studio Solution File, Format Version 12.00
# Visual Studio Version 17
VisualStudioVersion = 17.6.33829.357
MinimumVisualStudioVersion = 10.0.40219.1
Project("{FAE04EC0-301F-11D3-BF4B-00C04F79EFBC}") = "Билет 10", "Билет 10\Билет 10.csproj", "{183CDE1F-77CC-4E5E-85DE-FF97D5C489D3}"
EndProject
Global
	GlobalSection(SolutionConfigurationPlatforms) = preSolution
		Debug|Any CPU = Debug|Any CPU
		Release|Any CPU = Release|Any CPU
	EndGlobalSection
	GlobalSection(ProjectConfigurationPlatforms) = postSolution
		{183CDE1F-77CC-4E5E-85DE-FF97D5C489D3}.Debug|Any CPU.ActiveCfg = Debug|Any CPU
		{183CDE1F-77CC-4E5E-85DE-FF97D5C489D3}.Debug|Any CPU.Build.0 = Debug|Any CPU
		{183CDE1F-77CC-4E5E-85DE-FF97D5C489D3}.Release|Any CPU.ActiveCfg = Release|Any CPU
		{183CDE1F-77CC-4E5E-85DE-FF97D5C489D3}.Release|Any CPU.Build.0 = Release|Any CPU
	EndGlobalSection
	GlobalSection(SolutionProperties) = preSolution
		HideSolutionNode = FALSE
	EndGlobalSection
	GlobalSection(ExtensibilityGlobals) = postSolution
		SolutionGuid = {4ACF70C0-C3E1-4C87-9E2E-A994CE2B46D8}
	EndGlobalSection
EndGlobal
