
Microsoft Visual Studio Solution File, Format Version 12.00
# Visual Studio Version 17
VisualStudioVersion = 17.6.33829.357
MinimumVisualStudioVersion = 10.0.40219.1
Project("{FAE04EC0-301F-11D3-BF4B-00C04F79EFBC}") = "Билет 5", "Билет 5\Билет 5.csproj", "{16A28D2D-6D83-4A6F-AE66-B3CED79C5BB6}"
EndProject
Global
	GlobalSection(SolutionConfigurationPlatforms) = preSolution
		Debug|Any CPU = Debug|Any CPU
		Release|Any CPU = Release|Any CPU
	EndGlobalSection
	GlobalSection(ProjectConfigurationPlatforms) = postSolution
		{16A28D2D-6D83-4A6F-AE66-B3CED79C5BB6}.Debug|Any CPU.ActiveCfg = Debug|Any CPU
		{16A28D2D-6D83-4A6F-AE66-B3CED79C5BB6}.Debug|Any CPU.Build.0 = Debug|Any CPU
		{16A28D2D-6D83-4A6F-AE66-B3CED79C5BB6}.Release|Any CPU.ActiveCfg = Release|Any CPU
		{16A28D2D-6D83-4A6F-AE66-B3CED79C5BB6}.Release|Any CPU.Build.0 = Release|Any CPU
	EndGlobalSection
	GlobalSection(SolutionProperties) = preSolution
		HideSolutionNode = FALSE
	EndGlobalSection
	GlobalSection(ExtensibilityGlobals) = postSolution
		SolutionGuid = {E908475C-16FF-4E09-9ABA-6DB2D28DCD6A}
	EndGlobalSection
EndGlobal
