
Microsoft Visual Studio Solution File, Format Version 12.00
# Visual Studio Version 17
VisualStudioVersion = 17.6.33829.357
MinimumVisualStudioVersion = 10.0.40219.1
Project("{FAE04EC0-301F-11D3-BF4B-00C04F79EFBC}") = "Билет 7", "Билет 7\Билет 7.csproj", "{F184F35F-11CF-49A5-95B4-40392377D38B}"
EndProject
Global
	GlobalSection(SolutionConfigurationPlatforms) = preSolution
		Debug|Any CPU = Debug|Any CPU
		Release|Any CPU = Release|Any CPU
	EndGlobalSection
	GlobalSection(ProjectConfigurationPlatforms) = postSolution
		{F184F35F-11CF-49A5-95B4-40392377D38B}.Debug|Any CPU.ActiveCfg = Debug|Any CPU
		{F184F35F-11CF-49A5-95B4-40392377D38B}.Debug|Any CPU.Build.0 = Debug|Any CPU
		{F184F35F-11CF-49A5-95B4-40392377D38B}.Release|Any CPU.ActiveCfg = Release|Any CPU
		{F184F35F-11CF-49A5-95B4-40392377D38B}.Release|Any CPU.Build.0 = Release|Any CPU
	EndGlobalSection
	GlobalSection(SolutionProperties) = preSolution
		HideSolutionNode = FALSE
	EndGlobalSection
	GlobalSection(ExtensibilityGlobals) = postSolution
		SolutionGuid = {D2A0F1E1-8424-4665-A32C-A108F3DDE218}
	EndGlobalSection
EndGlobal
