
Microsoft Visual Studio Solution File, Format Version 12.00
# Visual Studio Version 17
VisualStudioVersion = 17.6.33829.357
MinimumVisualStudioVersion = 10.0.40219.1
Project("{FAE04EC0-301F-11D3-BF4B-00C04F79EFBC}") = "Билет 3", "Билет 3\Билет 3.csproj", "{F4BB1737-3970-4C28-BB70-F4CD4200CB4F}"
EndProject
Global
	GlobalSection(SolutionConfigurationPlatforms) = preSolution
		Debug|Any CPU = Debug|Any CPU
		Release|Any CPU = Release|Any CPU
	EndGlobalSection
	GlobalSection(ProjectConfigurationPlatforms) = postSolution
		{F4BB1737-3970-4C28-BB70-F4CD4200CB4F}.Debug|Any CPU.ActiveCfg = Debug|Any CPU
		{F4BB1737-3970-4C28-BB70-F4CD4200CB4F}.Debug|Any CPU.Build.0 = Debug|Any CPU
		{F4BB1737-3970-4C28-BB70-F4CD4200CB4F}.Release|Any CPU.ActiveCfg = Release|Any CPU
		{F4BB1737-3970-4C28-BB70-F4CD4200CB4F}.Release|Any CPU.Build.0 = Release|Any CPU
	EndGlobalSection
	GlobalSection(SolutionProperties) = preSolution
		HideSolutionNode = FALSE
	EndGlobalSection
	GlobalSection(ExtensibilityGlobals) = postSolution
		SolutionGuid = {BC6BB240-DC61-41ED-BA8D-6F0F07BB0E20}
	EndGlobalSection
EndGlobal
