
Microsoft Visual Studio Solution File, Format Version 12.00
# Visual Studio Version 17
VisualStudioVersion = 17.6.33829.357
MinimumVisualStudioVersion = 10.0.40219.1
Project("{FAE04EC0-301F-11D3-BF4B-00C04F79EFBC}") = "Билет 9", "Билет 9\Билет 9.csproj", "{D8DF3054-4CB2-459C-9984-FC26FDD91D90}"
EndProject
Global
	GlobalSection(SolutionConfigurationPlatforms) = preSolution
		Debug|Any CPU = Debug|Any CPU
		Release|Any CPU = Release|Any CPU
	EndGlobalSection
	GlobalSection(ProjectConfigurationPlatforms) = postSolution
		{D8DF3054-4CB2-459C-9984-FC26FDD91D90}.Debug|Any CPU.ActiveCfg = Debug|Any CPU
		{D8DF3054-4CB2-459C-9984-FC26FDD91D90}.Debug|Any CPU.Build.0 = Debug|Any CPU
		{D8DF3054-4CB2-459C-9984-FC26FDD91D90}.Release|Any CPU.ActiveCfg = Release|Any CPU
		{D8DF3054-4CB2-459C-9984-FC26FDD91D90}.Release|Any CPU.Build.0 = Release|Any CPU
	EndGlobalSection
	GlobalSection(SolutionProperties) = preSolution
		HideSolutionNode = FALSE
	EndGlobalSection
	GlobalSection(ExtensibilityGlobals) = postSolution
		SolutionGuid = {DD1739A5-37F0-4395-B039-AE6A61E921A8}
	EndGlobalSection
EndGlobal
