
Microsoft Visual Studio Solution File, Format Version 12.00
# Visual Studio Version 17
VisualStudioVersion = 17.6.33829.357
MinimumVisualStudioVersion = 10.0.40219.1
Project("{FAE04EC0-301F-11D3-BF4B-00C04F79EFBC}") = "Билет 6", "Билет 6\Билет 6.csproj", "{4733B905-DC1D-463B-B9DF-5F3C42518B7D}"
EndProject
Global
	GlobalSection(SolutionConfigurationPlatforms) = preSolution
		Debug|Any CPU = Debug|Any CPU
		Release|Any CPU = Release|Any CPU
	EndGlobalSection
	GlobalSection(ProjectConfigurationPlatforms) = postSolution
		{4733B905-DC1D-463B-B9DF-5F3C42518B7D}.Debug|Any CPU.ActiveCfg = Debug|Any CPU
		{4733B905-DC1D-463B-B9DF-5F3C42518B7D}.Debug|Any CPU.Build.0 = Debug|Any CPU
		{4733B905-DC1D-463B-B9DF-5F3C42518B7D}.Release|Any CPU.ActiveCfg = Release|Any CPU
		{4733B905-DC1D-463B-B9DF-5F3C42518B7D}.Release|Any CPU.Build.0 = Release|Any CPU
	EndGlobalSection
	GlobalSection(SolutionProperties) = preSolution
		HideSolutionNode = FALSE
	EndGlobalSection
	GlobalSection(ExtensibilityGlobals) = postSolution
		SolutionGuid = {4470AA45-A68E-4274-A904-4F417CC007F6}
	EndGlobalSection
EndGlobal
