
Microsoft Visual Studio Solution File, Format Version 12.00
# Visual Studio Version 17
VisualStudioVersion = 17.6.33829.357
MinimumVisualStudioVersion = 10.0.40219.1
Project("{FAE04EC0-301F-11D3-BF4B-00C04F79EFBC}") = "Билет 4", "Билет 4\Билет 4.csproj", "{259B53B0-1692-4D95-8B46-8F6A9B0CB9FA}"
EndProject
Global
	GlobalSection(SolutionConfigurationPlatforms) = preSolution
		Debug|Any CPU = Debug|Any CPU
		Release|Any CPU = Release|Any CPU
	EndGlobalSection
	GlobalSection(ProjectConfigurationPlatforms) = postSolution
		{259B53B0-1692-4D95-8B46-8F6A9B0CB9FA}.Debug|Any CPU.ActiveCfg = Debug|Any CPU
		{259B53B0-1692-4D95-8B46-8F6A9B0CB9FA}.Debug|Any CPU.Build.0 = Debug|Any CPU
		{259B53B0-1692-4D95-8B46-8F6A9B0CB9FA}.Release|Any CPU.ActiveCfg = Release|Any CPU
		{259B53B0-1692-4D95-8B46-8F6A9B0CB9FA}.Release|Any CPU.Build.0 = Release|Any CPU
	EndGlobalSection
	GlobalSection(SolutionProperties) = preSolution
		HideSolutionNode = FALSE
	EndGlobalSection
	GlobalSection(ExtensibilityGlobals) = postSolution
		SolutionGuid = {520FDD7C-B3EF-4681-956D-ABE1D3D00CBB}
	EndGlobalSection
EndGlobal
